// !$*UTF8*$!
{
	archiveVersion = 1;
	classes = {
	};
	objectVersion = 55;
	objects = {

/* Begin PBXBuildFile section */
		7224BA34278CD53600555619 /* GFEmptyStateView.swift in Sources */ = {isa = PBXBuildFile; fileRef = 7224BA33278CD53600555619 /* GFEmptyStateView.swift */; };
		7255B6B027851173004F2065 /* AppDelegate.swift in Sources */ = {isa = PBXBuildFile; fileRef = 7255B6AF27851173004F2065 /* AppDelegate.swift */; };
		7255B6B227851173004F2065 /* SceneDelegate.swift in Sources */ = {isa = PBXBuildFile; fileRef = 7255B6B127851173004F2065 /* SceneDelegate.swift */; };
		7255B6B427851173004F2065 /* ViewController.swift in Sources */ = {isa = PBXBuildFile; fileRef = 7255B6B327851173004F2065 /* ViewController.swift */; };
		7255B6B927851174004F2065 /* Assets.xcassets in Resources */ = {isa = PBXBuildFile; fileRef = 7255B6B827851174004F2065 /* Assets.xcassets */; };
		7255B6BC27851174004F2065 /* LaunchScreen.storyboard in Resources */ = {isa = PBXBuildFile; fileRef = 7255B6BA27851174004F2065 /* LaunchScreen.storyboard */; };
		7255B6C4278576C4004F2065 /* SearchVC.swift in Sources */ = {isa = PBXBuildFile; fileRef = 7255B6C3278576C4004F2065 /* SearchVC.swift */; };
		7255B6C6278576F3004F2065 /* FavouritesListVC.swift in Sources */ = {isa = PBXBuildFile; fileRef = 7255B6C5278576F3004F2065 /* FavouritesListVC.swift */; };
		7255B6C8278586CC004F2065 /* GFButton.swift in Sources */ = {isa = PBXBuildFile; fileRef = 7255B6C7278586CC004F2065 /* GFButton.swift */; };
		7255B6CA27858994004F2065 /* GFTextField.swift in Sources */ = {isa = PBXBuildFile; fileRef = 7255B6C927858994004F2065 /* GFTextField.swift */; };
		7255B6CC2786B974004F2065 /* FollowerListVC.swift in Sources */ = {isa = PBXBuildFile; fileRef = 7255B6CB2786B974004F2065 /* FollowerListVC.swift */; };
		7255B6CE2786C132004F2065 /* GFTitleLabel.swift in Sources */ = {isa = PBXBuildFile; fileRef = 7255B6CD2786C132004F2065 /* GFTitleLabel.swift */; };
		7255B6D02786C2B8004F2065 /* GFBodyLabel.swift in Sources */ = {isa = PBXBuildFile; fileRef = 7255B6CF2786C2B8004F2065 /* GFBodyLabel.swift */; };
		7255B6D22786C385004F2065 /* GFAlertVC.swift in Sources */ = {isa = PBXBuildFile; fileRef = 7255B6D12786C385004F2065 /* GFAlertVC.swift */; };
		7255B6D42786CB98004F2065 /* UIViewController+Ext.swift in Sources */ = {isa = PBXBuildFile; fileRef = 7255B6D32786CB98004F2065 /* UIViewController+Ext.swift */; };
		7255B6DA27874EB1004F2065 /* Follower.swift in Sources */ = {isa = PBXBuildFile; fileRef = 7255B6D927874EB1004F2065 /* Follower.swift */; };
		7255B6DC27874F83004F2065 /* User.swift in Sources */ = {isa = PBXBuildFile; fileRef = 7255B6DB27874F83004F2065 /* User.swift */; };
		7255B6DF278945FF004F2065 /* NetworkManager.swift in Sources */ = {isa = PBXBuildFile; fileRef = 7255B6DE278945FF004F2065 /* NetworkManager.swift */; };
		7255B6E227895536004F2065 /* GFError.swift in Sources */ = {isa = PBXBuildFile; fileRef = 7255B6E127895536004F2065 /* GFError.swift */; };
		7255B6E5278960E4004F2065 /* FollowerCell.swift in Sources */ = {isa = PBXBuildFile; fileRef = 7255B6E4278960E4004F2065 /* FollowerCell.swift */; };
		7255B6E727896160004F2065 /* GFAvatarImageView.swift in Sources */ = {isa = PBXBuildFile; fileRef = 7255B6E627896160004F2065 /* GFAvatarImageView.swift */; };
		7255B6E9278BE866004F2065 /* UIHelper.swift in Sources */ = {isa = PBXBuildFile; fileRef = 7255B6E8278BE866004F2065 /* UIHelper.swift */; };
/* End PBXBuildFile section */

/* Begin PBXFileReference section */
		7224BA33278CD53600555619 /* GFEmptyStateView.swift */ = {isa = PBXFileReference; lastKnownFileType = sourcecode.swift; path = GFEmptyStateView.swift; sourceTree = "<group>"; };
		7255B6AC27851173004F2065 /* GitHubFollowers.app */ = {isa = PBXFileReference; explicitFileType = wrapper.application; includeInIndex = 0; path = GitHubFollowers.app; sourceTree = BUILT_PRODUCTS_DIR; };
		7255B6AF27851173004F2065 /* AppDelegate.swift */ = {isa = PBXFileReference; lastKnownFileType = sourcecode.swift; path = AppDelegate.swift; sourceTree = "<group>"; };
		7255B6B127851173004F2065 /* SceneDelegate.swift */ = {isa = PBXFileReference; lastKnownFileType = sourcecode.swift; path = SceneDelegate.swift; sourceTree = "<group>"; };
		7255B6B327851173004F2065 /* ViewController.swift */ = {isa = PBXFileReference; lastKnownFileType = sourcecode.swift; path = ViewController.swift; sourceTree = "<group>"; };
		7255B6B827851174004F2065 /* Assets.xcassets */ = {isa = PBXFileReference; lastKnownFileType = folder.assetcatalog; path = Assets.xcassets; sourceTree = "<group>"; };
		7255B6BB27851174004F2065 /* Base */ = {isa = PBXFileReference; lastKnownFileType = file.storyboard; name = Base; path = Base.lproj/LaunchScreen.storyboard; sourceTree = "<group>"; };
		7255B6BD27851174004F2065 /* Info.plist */ = {isa = PBXFileReference; lastKnownFileType = text.plist.xml; path = Info.plist; sourceTree = "<group>"; };
		7255B6C3278576C4004F2065 /* SearchVC.swift */ = {isa = PBXFileReference; lastKnownFileType = sourcecode.swift; path = SearchVC.swift; sourceTree = "<group>"; };
		7255B6C5278576F3004F2065 /* FavouritesListVC.swift */ = {isa = PBXFileReference; lastKnownFileType = sourcecode.swift; path = FavouritesListVC.swift; sourceTree = "<group>"; };
		7255B6C7278586CC004F2065 /* GFButton.swift */ = {isa = PBXFileReference; lastKnownFileType = sourcecode.swift; path = GFButton.swift; sourceTree = "<group>"; };
		7255B6C927858994004F2065 /* GFTextField.swift */ = {isa = PBXFileReference; lastKnownFileType = sourcecode.swift; path = GFTextField.swift; sourceTree = "<group>"; };
		7255B6CB2786B974004F2065 /* FollowerListVC.swift */ = {isa = PBXFileReference; lastKnownFileType = sourcecode.swift; path = FollowerListVC.swift; sourceTree = "<group>"; };
		7255B6CD2786C132004F2065 /* GFTitleLabel.swift */ = {isa = PBXFileReference; lastKnownFileType = sourcecode.swift; path = GFTitleLabel.swift; sourceTree = "<group>"; };
		7255B6CF2786C2B8004F2065 /* GFBodyLabel.swift */ = {isa = PBXFileReference; lastKnownFileType = sourcecode.swift; path = GFBodyLabel.swift; sourceTree = "<group>"; };
		7255B6D12786C385004F2065 /* GFAlertVC.swift */ = {isa = PBXFileReference; lastKnownFileType = sourcecode.swift; path = GFAlertVC.swift; sourceTree = "<group>"; };
		7255B6D32786CB98004F2065 /* UIViewController+Ext.swift */ = {isa = PBXFileReference; lastKnownFileType = sourcecode.swift; path = "UIViewController+Ext.swift"; sourceTree = "<group>"; };
		7255B6D927874EB1004F2065 /* Follower.swift */ = {isa = PBXFileReference; lastKnownFileType = sourcecode.swift; path = Follower.swift; sourceTree = "<group>"; };
		7255B6DB27874F83004F2065 /* User.swift */ = {isa = PBXFileReference; lastKnownFileType = sourcecode.swift; path = User.swift; sourceTree = "<group>"; };
		7255B6DE278945FF004F2065 /* NetworkManager.swift */ = {isa = PBXFileReference; lastKnownFileType = sourcecode.swift; path = NetworkManager.swift; sourceTree = "<group>"; };
		7255B6E127895536004F2065 /* GFError.swift */ = {isa = PBXFileReference; lastKnownFileType = sourcecode.swift; path = GFError.swift; sourceTree = "<group>"; };
		7255B6E4278960E4004F2065 /* FollowerCell.swift */ = {isa = PBXFileReference; lastKnownFileType = sourcecode.swift; path = FollowerCell.swift; sourceTree = "<group>"; };
		7255B6E627896160004F2065 /* GFAvatarImageView.swift */ = {isa = PBXFileReference; lastKnownFileType = sourcecode.swift; path = GFAvatarImageView.swift; sourceTree = "<group>"; };
		7255B6E8278BE866004F2065 /* UIHelper.swift */ = {isa = PBXFileReference; lastKnownFileType = sourcecode.swift; path = UIHelper.swift; sourceTree = "<group>"; };
/* End PBXFileReference section */

/* Begin PBXFrameworksBuildPhase section */
		7255B6A927851173004F2065 /* Frameworks */ = {
			isa = PBXFrameworksBuildPhase;
			buildActionMask = 2147483647;
			files = (
			);
			runOnlyForDeploymentPostprocessing = 0;
		};
/* End PBXFrameworksBuildPhase section */

/* Begin PBXGroup section */
		7224BA2D278CD4A200555619 /* Views */ = {
			isa = PBXGroup;
			children = (
				7224BA33278CD53600555619 /* GFEmptyStateView.swift */,
			);
			path = Views;
			sourceTree = "<group>";
		};
		7224BA2E278CD4AC00555619 /* Buttons */ = {
			isa = PBXGroup;
			children = (
				7255B6C7278586CC004F2065 /* GFButton.swift */,
			);
			path = Buttons;
			sourceTree = "<group>";
		};
		7224BA2F278CD4B100555619 /* TextFields */ = {
			isa = PBXGroup;
			children = (
				7255B6C927858994004F2065 /* GFTextField.swift */,
			);
			path = TextFields;
			sourceTree = "<group>";
		};
		7224BA30278CD4C000555619 /* ViewControllers */ = {
			isa = PBXGroup;
			children = (
				7255B6D12786C385004F2065 /* GFAlertVC.swift */,
			);
			path = ViewControllers;
			sourceTree = "<group>";
		};
		7224BA31278CD4C800555619 /* Labels */ = {
			isa = PBXGroup;
			children = (
				7255B6CD2786C132004F2065 /* GFTitleLabel.swift */,
				7255B6CF2786C2B8004F2065 /* GFBodyLabel.swift */,
			);
			path = Labels;
			sourceTree = "<group>";
		};
		7224BA32278CD4FF00555619 /* ImageViews */ = {
			isa = PBXGroup;
			children = (
				7255B6E627896160004F2065 /* GFAvatarImageView.swift */,
			);
			path = ImageViews;
			sourceTree = "<group>";
		};
		7255B6A327851173004F2065 = {
			isa = PBXGroup;
			children = (
				7255B6AE27851173004F2065 /* GitHubFollowers */,
				7255B6AD27851173004F2065 /* Products */,
			);
			sourceTree = "<group>";
		};
		7255B6AD27851173004F2065 /* Products */ = {
			isa = PBXGroup;
			children = (
				7255B6AC27851173004F2065 /* GitHubFollowers.app */,
			);
			name = Products;
			sourceTree = "<group>";
		};
		7255B6AE27851173004F2065 /* GitHubFollowers */ = {
			isa = PBXGroup;
			children = (
				7255B6E027895525004F2065 /* Utilities */,
				7255B6DD278945EC004F2065 /* Managers */,
				7255B6D827874EA3004F2065 /* Model */,
				7255B6D72786CFB1004F2065 /* Extensions */,
				7255B6D62786CF81004F2065 /* View */,
				7255B6D52786CF4A004F2065 /* Controller */,
				7255B6AF27851173004F2065 /* AppDelegate.swift */,
				7255B6B127851173004F2065 /* SceneDelegate.swift */,
				7255B6B327851173004F2065 /* ViewController.swift */,
				7255B6B827851174004F2065 /* Assets.xcassets */,
				7255B6BA27851174004F2065 /* LaunchScreen.storyboard */,
				7255B6BD27851174004F2065 /* Info.plist */,
			);
			path = GitHubFollowers;
			sourceTree = "<group>";
		};
		7255B6D52786CF4A004F2065 /* Controller */ = {
			isa = PBXGroup;
			children = (
				7255B6C3278576C4004F2065 /* SearchVC.swift */,
				7255B6CB2786B974004F2065 /* FollowerListVC.swift */,
				7255B6C5278576F3004F2065 /* FavouritesListVC.swift */,
			);
			path = Controller;
			sourceTree = "<group>";
		};
		7255B6D62786CF81004F2065 /* View */ = {
			isa = PBXGroup;
			children = (
				7224BA31278CD4C800555619 /* Labels */,
				7224BA30278CD4C000555619 /* ViewControllers */,
				7224BA32278CD4FF00555619 /* ImageViews */,
				7224BA2F278CD4B100555619 /* TextFields */,
				7224BA2E278CD4AC00555619 /* Buttons */,
				7224BA2D278CD4A200555619 /* Views */,
				7255B6E3278960C3004F2065 /* Cells */,
			);
			path = View;
			sourceTree = "<group>";
		};
		7255B6D72786CFB1004F2065 /* Extensions */ = {
			isa = PBXGroup;
			children = (
				7255B6D32786CB98004F2065 /* UIViewController+Ext.swift */,
			);
			path = Extensions;
			sourceTree = "<group>";
		};
		7255B6D827874EA3004F2065 /* Model */ = {
			isa = PBXGroup;
			children = (
				7255B6D927874EB1004F2065 /* Follower.swift */,
				7255B6DB27874F83004F2065 /* User.swift */,
			);
			path = Model;
			sourceTree = "<group>";
		};
		7255B6DD278945EC004F2065 /* Managers */ = {
			isa = PBXGroup;
			children = (
				7255B6DE278945FF004F2065 /* NetworkManager.swift */,
			);
			path = Managers;
			sourceTree = "<group>";
		};
		7255B6E027895525004F2065 /* Utilities */ = {
			isa = PBXGroup;
			children = (
				7255B6E127895536004F2065 /* GFError.swift */,
				7255B6E8278BE866004F2065 /* UIHelper.swift */,
			);
			path = Utilities;
			sourceTree = "<group>";
		};
		7255B6E3278960C3004F2065 /* Cells */ = {
			isa = PBXGroup;
			children = (
				7255B6E4278960E4004F2065 /* FollowerCell.swift */,
			);
			path = Cells;
			sourceTree = "<group>";
		};
/* End PBXGroup section */

/* Begin PBXNativeTarget section */
		7255B6AB27851173004F2065 /* GitHubFollowers */ = {
			isa = PBXNativeTarget;
			buildConfigurationList = 7255B6C027851174004F2065 /* Build configuration list for PBXNativeTarget "GitHubFollowers" */;
			buildPhases = (
				7255B6A827851173004F2065 /* Sources */,
				7255B6A927851173004F2065 /* Frameworks */,
				7255B6AA27851173004F2065 /* Resources */,
			);
			buildRules = (
			);
			dependencies = (
			);
			name = GitHubFollowers;
			productName = GitHubFollowers;
			productReference = 7255B6AC27851173004F2065 /* GitHubFollowers.app */;
			productType = "com.apple.product-type.application";
		};
/* End PBXNativeTarget section */

/* Begin PBXProject section */
		7255B6A427851173004F2065 /* Project object */ = {
			isa = PBXProject;
			attributes = {
				BuildIndependentTargetsInParallel = 1;
				LastSwiftUpdateCheck = 1320;
				LastUpgradeCheck = 1320;
				TargetAttributes = {
					7255B6AB27851173004F2065 = {
						CreatedOnToolsVersion = 13.2;
					};
				};
			};
			buildConfigurationList = 7255B6A727851173004F2065 /* Build configuration list for PBXProject "GitHubFollowers" */;
			compatibilityVersion = "Xcode 13.0";
			developmentRegion = en;
			hasScannedForEncodings = 0;
			knownRegions = (
				en,
				Base,
			);
			mainGroup = 7255B6A327851173004F2065;
			productRefGroup = 7255B6AD27851173004F2065 /* Products */;
			projectDirPath = "";
			projectRoot = "";
			targets = (
				7255B6AB27851173004F2065 /* GitHubFollowers */,
			);
		};
/* End PBXProject section */

/* Begin PBXResourcesBuildPhase section */
		7255B6AA27851173004F2065 /* Resources */ = {
			isa = PBXResourcesBuildPhase;
			buildActionMask = 2147483647;
			files = (
				7255B6BC27851174004F2065 /* LaunchScreen.storyboard in Resources */,
				7255B6B927851174004F2065 /* Assets.xcassets in Resources */,
			);
			runOnlyForDeploymentPostprocessing = 0;
		};
/* End PBXResourcesBuildPhase section */

/* Begin PBXSourcesBuildPhase section */
		7255B6A827851173004F2065 /* Sources */ = {
			isa = PBXSourcesBuildPhase;
			buildActionMask = 2147483647;
			files = (
				7255B6C4278576C4004F2065 /* SearchVC.swift in Sources */,
				7255B6B427851173004F2065 /* ViewController.swift in Sources */,
				7255B6D42786CB98004F2065 /* UIViewController+Ext.swift in Sources */,
				7255B6C8278586CC004F2065 /* GFButton.swift in Sources */,
				7255B6B027851173004F2065 /* AppDelegate.swift in Sources */,
				7224BA34278CD53600555619 /* GFEmptyStateView.swift in Sources */,
				7255B6C6278576F3004F2065 /* FavouritesListVC.swift in Sources */,
				7255B6DC27874F83004F2065 /* User.swift in Sources */,
				7255B6E5278960E4004F2065 /* FollowerCell.swift in Sources */,
				7255B6E727896160004F2065 /* GFAvatarImageView.swift in Sources */,
				7255B6D22786C385004F2065 /* GFAlertVC.swift in Sources */,
				7255B6DA27874EB1004F2065 /* Follower.swift in Sources */,
				7255B6B227851173004F2065 /* SceneDelegate.swift in Sources */,
				7255B6CE2786C132004F2065 /* GFTitleLabel.swift in Sources */,
				7255B6CC2786B974004F2065 /* FollowerListVC.swift in Sources */,
				7255B6E227895536004F2065 /* GFError.swift in Sources */,
				7255B6E9278BE866004F2065 /* UIHelper.swift in Sources */,
				7255B6DF278945FF004F2065 /* NetworkManager.swift in Sources */,
				7255B6CA27858994004F2065 /* GFTextField.swift in Sources */,
				7255B6D02786C2B8004F2065 /* GFBodyLabel.swift in Sources */,
			);
			runOnlyForDeploymentPostprocessing = 0;
		};
/* End PBXSourcesBuildPhase section */

/* Begin PBXVariantGroup section */
		7255B6BA27851174004F2065 /* LaunchScreen.storyboard */ = {
			isa = PBXVariantGroup;
			children = (
				7255B6BB27851174004F2065 /* Base */,
			);
			name = LaunchScreen.storyboard;
			sourceTree = "<group>";
		};
/* End PBXVariantGroup section */

/* Begin XCBuildConfiguration section */
		7255B6BE27851174004F2065 /* Debug */ = {
			isa = XCBuildConfiguration;
			buildSettings = {
				ALWAYS_SEARCH_USER_PATHS = NO;
				CLANG_ANALYZER_NONNULL = YES;
				CLANG_ANALYZER_NUMBER_OBJECT_CONVERSION = YES_AGGRESSIVE;
				CLANG_CXX_LANGUAGE_STANDARD = "gnu++17";
				CLANG_CXX_LIBRARY = "libc++";
				CLANG_ENABLE_MODULES = YES;
				CLANG_ENABLE_OBJC_ARC = YES;
				CLANG_ENABLE_OBJC_WEAK = YES;
				CLANG_WARN_BLOCK_CAPTURE_AUTORELEASING = YES;
				CLANG_WARN_BOOL_CONVERSION = YES;
				CLANG_WARN_COMMA = YES;
				CLANG_WARN_CONSTANT_CONVERSION = YES;
				CLANG_WARN_DEPRECATED_OBJC_IMPLEMENTATIONS = YES;
				CLANG_WARN_DIRECT_OBJC_ISA_USAGE = YES_ERROR;
				CLANG_WARN_DOCUMENTATION_COMMENTS = YES;
				CLANG_WARN_EMPTY_BODY = YES;
				CLANG_WARN_ENUM_CONVERSION = YES;
				CLANG_WARN_INFINITE_RECURSION = YES;
				CLANG_WARN_INT_CONVERSION = YES;
				CLANG_WARN_NON_LITERAL_NULL_CONVERSION = YES;
				CLANG_WARN_OBJC_IMPLICIT_RETAIN_SELF = YES;
				CLANG_WARN_OBJC_LITERAL_CONVERSION = YES;
				CLANG_WARN_OBJC_ROOT_CLASS = YES_ERROR;
				CLANG_WARN_QUOTED_INCLUDE_IN_FRAMEWORK_HEADER = YES;
				CLANG_WARN_RANGE_LOOP_ANALYSIS = YES;
				CLANG_WARN_STRICT_PROTOTYPES = YES;
				CLANG_WARN_SUSPICIOUS_MOVE = YES;
				CLANG_WARN_UNGUARDED_AVAILABILITY = YES_AGGRESSIVE;
				CLANG_WARN_UNREACHABLE_CODE = YES;
				CLANG_WARN__DUPLICATE_METHOD_MATCH = YES;
				COPY_PHASE_STRIP = NO;
				DEBUG_INFORMATION_FORMAT = dwarf;
				ENABLE_STRICT_OBJC_MSGSEND = YES;
				ENABLE_TESTABILITY = YES;
				GCC_C_LANGUAGE_STANDARD = gnu11;
				GCC_DYNAMIC_NO_PIC = NO;
				GCC_NO_COMMON_BLOCKS = YES;
				GCC_OPTIMIZATION_LEVEL = 0;
				GCC_PREPROCESSOR_DEFINITIONS = (
					"DEBUG=1",
					"$(inherited)",
				);
				GCC_WARN_64_TO_32_BIT_CONVERSION = YES;
				GCC_WARN_ABOUT_RETURN_TYPE = YES_ERROR;
				GCC_WARN_UNDECLARED_SELECTOR = YES;
				GCC_WARN_UNINITIALIZED_AUTOS = YES_AGGRESSIVE;
				GCC_WARN_UNUSED_FUNCTION = YES;
				GCC_WARN_UNUSED_VARIABLE = YES;
				IPHONEOS_DEPLOYMENT_TARGET = 15.2;
				MTL_ENABLE_DEBUG_INFO = INCLUDE_SOURCE;
				MTL_FAST_MATH = YES;
				ONLY_ACTIVE_ARCH = YES;
				SDKROOT = iphoneos;
				SWIFT_ACTIVE_COMPILATION_CONDITIONS = DEBUG;
				SWIFT_OPTIMIZATION_LEVEL = "-Onone";
			};
			name = Debug;
		};
		7255B6BF27851174004F2065 /* Release */ = {
			isa = XCBuildConfiguration;
			buildSettings = {
				ALWAYS_SEARCH_USER_PATHS = NO;
				CLANG_ANALYZER_NONNULL = YES;
				CLANG_ANALYZER_NUMBER_OBJECT_CONVERSION = YES_AGGRESSIVE;
				CLANG_CXX_LANGUAGE_STANDARD = "gnu++17";
				CLANG_CXX_LIBRARY = "libc++";
				CLANG_ENABLE_MODULES = YES;
				CLANG_ENABLE_OBJC_ARC = YES;
				CLANG_ENABLE_OBJC_WEAK = YES;
				CLANG_WARN_BLOCK_CAPTURE_AUTORELEASING = YES;
				CLANG_WARN_BOOL_CONVERSION = YES;
				CLANG_WARN_COMMA = YES;
				CLANG_WARN_CONSTANT_CONVERSION = YES;
				CLANG_WARN_DEPRECATED_OBJC_IMPLEMENTATIONS = YES;
				CLANG_WARN_DIRECT_OBJC_ISA_USAGE = YES_ERROR;
				CLANG_WARN_DOCUMENTATION_COMMENTS = YES;
				CLANG_WARN_EMPTY_BODY = YES;
				CLANG_WARN_ENUM_CONVERSION = YES;
				CLANG_WARN_INFINITE_RECURSION = YES;
				CLANG_WARN_INT_CONVERSION = YES;
				CLANG_WARN_NON_LITERAL_NULL_CONVERSION = YES;
				CLANG_WARN_OBJC_IMPLICIT_RETAIN_SELF = YES;
				CLANG_WARN_OBJC_LITERAL_CONVERSION = YES;
				CLANG_WARN_OBJC_ROOT_CLASS = YES_ERROR;
				CLANG_WARN_QUOTED_INCLUDE_IN_FRAMEWORK_HEADER = YES;
				CLANG_WARN_RANGE_LOOP_ANALYSIS = YES;
				CLANG_WARN_STRICT_PROTOTYPES = YES;
				CLANG_WARN_SUSPICIOUS_MOVE = YES;
				CLANG_WARN_UNGUARDED_AVAILABILITY = YES_AGGRESSIVE;
				CLANG_WARN_UNREACHABLE_CODE = YES;
				CLANG_WARN__DUPLICATE_METHOD_MATCH = YES;
				COPY_PHASE_STRIP = NO;
				DEBUG_INFORMATION_FORMAT = "dwarf-with-dsym";
				ENABLE_NS_ASSERTIONS = NO;
				ENABLE_STRICT_OBJC_MSGSEND = YES;
				GCC_C_LANGUAGE_STANDARD = gnu11;
				GCC_NO_COMMON_BLOCKS = YES;
				GCC_WARN_64_TO_32_BIT_CONVERSION = YES;
				GCC_WARN_ABOUT_RETURN_TYPE = YES_ERROR;
				GCC_WARN_UNDECLARED_SELECTOR = YES;
				GCC_WARN_UNINITIALIZED_AUTOS = YES_AGGRESSIVE;
				GCC_WARN_UNUSED_FUNCTION = YES;
				GCC_WARN_UNUSED_VARIABLE = YES;
				IPHONEOS_DEPLOYMENT_TARGET = 15.2;
				MTL_ENABLE_DEBUG_INFO = NO;
				MTL_FAST_MATH = YES;
				SDKROOT = iphoneos;
				SWIFT_COMPILATION_MODE = wholemodule;
				SWIFT_OPTIMIZATION_LEVEL = "-O";
				VALIDATE_PRODUCT = YES;
			};
			name = Release;
		};
		7255B6C127851174004F2065 /* Debug */ = {
			isa = XCBuildConfiguration;
			buildSettings = {
				ASSETCATALOG_COMPILER_APPICON_NAME = AppIcon;
				ASSETCATALOG_COMPILER_GLOBAL_ACCENT_COLOR_NAME = AccentColor;
				CODE_SIGN_STYLE = Automatic;
				CURRENT_PROJECT_VERSION = 1;
				GENERATE_INFOPLIST_FILE = YES;
				INFOPLIST_FILE = GitHubFollowers/Info.plist;
				INFOPLIST_KEY_UIApplicationSupportsIndirectInputEvents = YES;
				INFOPLIST_KEY_UILaunchStoryboardName = LaunchScreen;
				INFOPLIST_KEY_UISupportedInterfaceOrientations = UIInterfaceOrientationPortrait;
				INFOPLIST_KEY_UISupportedInterfaceOrientations_iPad = "UIInterfaceOrientationPortrait UIInterfaceOrientationPortraitUpsideDown UIInterfaceOrientationLandscapeLeft UIInterfaceOrientationLandscapeRight";
				INFOPLIST_KEY_UISupportedInterfaceOrientations_iPhone = "UIInterfaceOrientationPortrait UIInterfaceOrientationLandscapeLeft UIInterfaceOrientationLandscapeRight";
				LD_RUNPATH_SEARCH_PATHS = (
					"$(inherited)",
					"@executable_path/Frameworks",
				);
				MARKETING_VERSION = 1.0;
				PRODUCT_BUNDLE_IDENTIFIER = co.ezwawi.GitHubFollowers;
				PRODUCT_NAME = "$(TARGET_NAME)";
				SWIFT_EMIT_LOC_STRINGS = YES;
				SWIFT_VERSION = 5.0;
				TARGETED_DEVICE_FAMILY = 1;
			};
			name = Debug;
		};
		7255B6C227851174004F2065 /* Release */ = {
			isa = XCBuildConfiguration;
			buildSettings = {
				ASSETCATALOG_COMPILER_APPICON_NAME = AppIcon;
				ASSETCATALOG_COMPILER_GLOBAL_ACCENT_COLOR_NAME = AccentColor;
				CODE_SIGN_STYLE = Automatic;
				CURRENT_PROJECT_VERSION = 1;
				GENERATE_INFOPLIST_FILE = YES;
				INFOPLIST_FILE = GitHubFollowers/Info.plist;
				INFOPLIST_KEY_UIApplicationSupportsIndirectInputEvents = YES;
				INFOPLIST_KEY_UILaunchStoryboardName = LaunchScreen;
				INFOPLIST_KEY_UISupportedInterfaceOrientations = UIInterfaceOrientationPortrait;
				INFOPLIST_KEY_UISupportedInterfaceOrientations_iPad = "UIInterfaceOrientationPortrait UIInterfaceOrientationPortraitUpsideDown UIInterfaceOrientationLandscapeLeft UIInterfaceOrientationLandscapeRight";
				INFOPLIST_KEY_UISupportedInterfaceOrientations_iPhone = "UIInterfaceOrientationPortrait UIInterfaceOrientationLandscapeLeft UIInterfaceOrientationLandscapeRight";
				LD_RUNPATH_SEARCH_PATHS = (
					"$(inherited)",
					"@executable_path/Frameworks",
				);
				MARKETING_VERSION = 1.0;
				PRODUCT_BUNDLE_IDENTIFIER = co.ezwawi.GitHubFollowers;
				PRODUCT_NAME = "$(TARGET_NAME)";
				SWIFT_EMIT_LOC_STRINGS = YES;
				SWIFT_VERSION = 5.0;
				TARGETED_DEVICE_FAMILY = 1;
			};
			name = Release;
		};
/* End XCBuildConfiguration section */

/* Begin XCConfigurationList section */
		7255B6A727851173004F2065 /* Build configuration list for PBXProject "GitHubFollowers" */ = {
			isa = XCConfigurationList;
			buildConfigurations = (
				7255B6BE27851174004F2065 /* Debug */,
				7255B6BF27851174004F2065 /* Release */,
			);
			defaultConfigurationIsVisible = 0;
			defaultConfigurationName = Release;
		};
		7255B6C027851174004F2065 /* Build configuration list for PBXNativeTarget "GitHubFollowers" */ = {
			isa = XCConfigurationList;
			buildConfigurations = (
				7255B6C127851174004F2065 /* Debug */,
				7255B6C227851174004F2065 /* Release */,
			);
			defaultConfigurationIsVisible = 0;
			defaultConfigurationName = Release;
		};
/* End XCConfigurationList section */
	};
	rootObject = 7255B6A427851173004F2065 /* Project object */;
}
